
Microsoft Visual Studio Solution File, Format Version 12.00
# Visual Studio Version 17
VisualStudioVersion = 17.2.32602.215
MinimumVisualStudioVersion = 10.0.40219.1
Project("{FAE04EC0-301F-11D3-BF4B-00C04F79EFBC}") = "Linq", "Linq.csproj", "{FFD4912E-4981-4F82-82EF-4F2DD1C0CDDD}"
EndProject
Global
	GlobalSection(SolutionConfigurationPlatforms) = preSolution
		Debug|Any CPU = Debug|Any CPU
		Release|Any CPU = Release|Any CPU
	EndGlobalSection
	GlobalSection(ProjectConfigurationPlatforms) = postSolution
		{FFD4912E-4981-4F82-82EF-4F2DD1C0CDDD}.Debug|Any CPU.ActiveCfg = Debug|Any CPU
		{FFD4912E-4981-4F82-82EF-4F2DD1C0CDDD}.Debug|Any CPU.Build.0 = Debug|Any CPU
		{FFD4912E-4981-4F82-82EF-4F2DD1C0CDDD}.Release|Any CPU.ActiveCfg = Release|Any CPU
		{FFD4912E-4981-4F82-82EF-4F2DD1C0CDDD}.Release|Any CPU.Build.0 = Release|Any CPU
	EndGlobalSection
	GlobalSection(SolutionProperties) = preSolution
		HideSolutionNode = FALSE
	EndGlobalSection
	GlobalSection(ExtensibilityGlobals) = postSolution
		SolutionGuid = {6F8C5C86-CCB7-46EA-B396-3C1E12C00B9B}
	EndGlobalSection
EndGlobal
